
Microsoft Visual Studio Solution File, Format Version 12.00
# Visual Studio 15
VisualStudioVersion = 15.0.28307.902
MinimumVisualStudioVersion = 10.0.40219.1
Project("{FAE04EC0-301F-11D3-BF4B-00C04F79EFBC}") = "CodeTale", "CodeTale\CodeTale.csproj", "{1ABD0C80-44B3-4AA7-877E-83948C4F9E47}"
EndProject
Global
	GlobalSection(SolutionConfigurationPlatforms) = preSolution
		Debug|Any CPU = Debug|Any CPU
		Release|Any CPU = Release|Any CPU
	EndGlobalSection
	GlobalSection(ProjectConfigurationPlatforms) = postSolution
		{1ABD0C80-44B3-4AA7-877E-83948C4F9E47}.Debug|Any CPU.ActiveCfg = Debug|Any CPU
		{1ABD0C80-44B3-4AA7-877E-83948C4F9E47}.Debug|Any CPU.Build.0 = Debug|Any CPU
		{1ABD0C80-44B3-4AA7-877E-83948C4F9E47}.Release|Any CPU.ActiveCfg = Release|Any CPU
		{1ABD0C80-44B3-4AA7-877E-83948C4F9E47}.Release|Any CPU.Build.0 = Release|Any CPU
	EndGlobalSection
	GlobalSection(SolutionProperties) = preSolution
		HideSolutionNode = FALSE
	EndGlobalSection
	GlobalSection(ExtensibilityGlobals) = postSolution
		SolutionGuid = {9545FE12-5868-4CD7-B2EE-51FAA83B609D}
	EndGlobalSection
EndGlobal
